
Microsoft Visual Studio Solution File, Format Version 12.00
# Visual Studio Version 16
VisualStudioVersion = 16.0.29326.143
MinimumVisualStudioVersion = 10.0.40219.1
Project("{9A19103F-16F7-4668-BE54-9A1E7A4F7556}") = "SmartLogger", "SmartLogger\SmartLogger.csproj", "{4AE8ABEC-3BDA-4C06-B84A-632C4ED866FB}"
EndProject
Project("{9A19103F-16F7-4668-BE54-9A1E7A4F7556}") = "SmartLoggerTests", "SmartLoggerTests\SmartLoggerTests.csproj", "{D81AA76E-D91D-43F5-825F-BC9FC40AD61A}"
EndProject
Project("{FAE04EC0-301F-11D3-BF4B-00C04F79EFBC}") = "SmartLogger.UI.Test", "SmartLogger.UI.Test\SmartLogger.UI.Test.csproj", "{F026083A-3CB5-4FFB-AB08-0A61B3B62C5F}"
EndProject
Project("{FAE04EC0-301F-11D3-BF4B-00C04F79EFBC}") = "SmartLogger.IntegationTests", "SmartLogger.IntegationTests\SmartLogger.IntegationTests.csproj", "{7AE11997-F043-46D0-9C85-18AD7E9001A2}"
EndProject
Global
	GlobalSection(SolutionConfigurationPlatforms) = preSolution
		Debug|Any CPU = Debug|Any CPU
		Release|Any CPU = Release|Any CPU
	EndGlobalSection
	GlobalSection(ProjectConfigurationPlatforms) = postSolution
		{4AE8ABEC-3BDA-4C06-B84A-632C4ED866FB}.Debug|Any CPU.ActiveCfg = Debug|Any CPU
		{4AE8ABEC-3BDA-4C06-B84A-632C4ED866FB}.Debug|Any CPU.Build.0 = Debug|Any CPU
		{4AE8ABEC-3BDA-4C06-B84A-632C4ED866FB}.Release|Any CPU.ActiveCfg = Release|Any CPU
		{4AE8ABEC-3BDA-4C06-B84A-632C4ED866FB}.Release|Any CPU.Build.0 = Release|Any CPU
		{D81AA76E-D91D-43F5-825F-BC9FC40AD61A}.Debug|Any CPU.ActiveCfg = Debug|Any CPU
		{D81AA76E-D91D-43F5-825F-BC9FC40AD61A}.Debug|Any CPU.Build.0 = Debug|Any CPU
		{D81AA76E-D91D-43F5-825F-BC9FC40AD61A}.Release|Any CPU.ActiveCfg = Release|Any CPU
		{D81AA76E-D91D-43F5-825F-BC9FC40AD61A}.Release|Any CPU.Build.0 = Release|Any CPU
		{F026083A-3CB5-4FFB-AB08-0A61B3B62C5F}.Debug|Any CPU.ActiveCfg = Debug|Any CPU
		{F026083A-3CB5-4FFB-AB08-0A61B3B62C5F}.Debug|Any CPU.Build.0 = Debug|Any CPU
		{F026083A-3CB5-4FFB-AB08-0A61B3B62C5F}.Release|Any CPU.ActiveCfg = Release|Any CPU
		{F026083A-3CB5-4FFB-AB08-0A61B3B62C5F}.Release|Any CPU.Build.0 = Release|Any CPU
		{7AE11997-F043-46D0-9C85-18AD7E9001A2}.Debug|Any CPU.ActiveCfg = Debug|Any CPU
		{7AE11997-F043-46D0-9C85-18AD7E9001A2}.Debug|Any CPU.Build.0 = Debug|Any CPU
		{7AE11997-F043-46D0-9C85-18AD7E9001A2}.Release|Any CPU.ActiveCfg = Release|Any CPU
		{7AE11997-F043-46D0-9C85-18AD7E9001A2}.Release|Any CPU.Build.0 = Release|Any CPU
	EndGlobalSection
	GlobalSection(SolutionProperties) = preSolution
		HideSolutionNode = FALSE
	EndGlobalSection
	GlobalSection(ExtensibilityGlobals) = postSolution
		SolutionGuid = {C2022A4F-7FFF-47FD-8464-82EF2103E23D}
	EndGlobalSection
EndGlobal
